// !$*UTF8*$!
{
	archiveVersion = 1;
	classes = {
	};
	objectVersion = 50;
	objects = {

/* Begin PBXBuildFile section */
		258BE90021BE351100B87E29 /* Router.swift in Sources */ = {isa = PBXBuildFile; fileRef = 258BE8FF21BE351100B87E29 /* Router.swift */; };
		258BE90321BE354400B87E29 /* TimeLineCreator.swift in Sources */ = {isa = PBXBuildFile; fileRef = 258BE90221BE354400B87E29 /* TimeLineCreator.swift */; };
		258BE90521BE356700B87E29 /* LoginCreator.swift in Sources */ = {isa = PBXBuildFile; fileRef = 258BE90421BE356700B87E29 /* LoginCreator.swift */; };
		258BE90821BE49CD00B87E29 /* TableViewDataSource.swift in Sources */ = {isa = PBXBuildFile; fileRef = 258BE90721BE49CD00B87E29 /* TableViewDataSource.swift */; };
		258BE90A21BE4AA400B87E29 /* GetPostsManager.swift in Sources */ = {isa = PBXBuildFile; fileRef = 258BE90921BE4AA400B87E29 /* GetPostsManager.swift */; };
		25B9E54621BE517400D9AA81 /* GetPostsAction.swift in Sources */ = {isa = PBXBuildFile; fileRef = 25B9E54521BE517400D9AA81 /* GetPostsAction.swift */; };
		25B9E54821BE58A300D9AA81 /* GetCurrentUserAction.swift in Sources */ = {isa = PBXBuildFile; fileRef = 25B9E54721BE58A300D9AA81 /* GetCurrentUserAction.swift */; };
		25B9E54A21BE5E4200D9AA81 /* PostDetailsCreator.swift in Sources */ = {isa = PBXBuildFile; fileRef = 25B9E54921BE5E4200D9AA81 /* PostDetailsCreator.swift */; };
		25B9E54D21BE5EAD00D9AA81 /* PostDetailsViewController.swift in Sources */ = {isa = PBXBuildFile; fileRef = 25B9E54C21BE5EAD00D9AA81 /* PostDetailsViewController.swift */; };
		25B9E54F21BE6A9700D9AA81 /* PostDetailsView.swift in Sources */ = {isa = PBXBuildFile; fileRef = 25B9E54E21BE6A9700D9AA81 /* PostDetailsView.swift */; };
		25B9E55121BE734F00D9AA81 /* UpdatePostAction.swift in Sources */ = {isa = PBXBuildFile; fileRef = 25B9E55021BE734F00D9AA81 /* UpdatePostAction.swift */; };
		25B9E55321BE736900D9AA81 /* CreatePostAction.swift in Sources */ = {isa = PBXBuildFile; fileRef = 25B9E55221BE736900D9AA81 /* CreatePostAction.swift */; };
		25B9E55621BE7D0100D9AA81 /* User.swift in Sources */ = {isa = PBXBuildFile; fileRef = 25B9E55521BE7D0100D9AA81 /* User.swift */; };
		25B9E55C21BE82DA00D9AA81 /* PostTableViewCell.swift in Sources */ = {isa = PBXBuildFile; fileRef = 25B9E55B21BE82DA00D9AA81 /* PostTableViewCell.swift */; };
		25D96E2321BF6CAC005D852E /* API.swift in Sources */ = {isa = PBXBuildFile; fileRef = 25D96E2221BF6CAC005D852E /* API.swift */; };
		25D96E2921BFBC6B005D852E /* UpdatePostManager.swift in Sources */ = {isa = PBXBuildFile; fileRef = 25D96E2821BFBC6A005D852E /* UpdatePostManager.swift */; };
		25D96E2B21BFC13C005D852E /* CreatePostManager.swift in Sources */ = {isa = PBXBuildFile; fileRef = 25D96E2A21BFC13C005D852E /* CreatePostManager.swift */; };
		25D96E2D21C0BE22005D852E /* LogoutAction.swift in Sources */ = {isa = PBXBuildFile; fileRef = 25D96E2C21C0BE22005D852E /* LogoutAction.swift */; };
		25D96E2F21C0BF7B005D852E /* DeleteUserLocalManager.swift in Sources */ = {isa = PBXBuildFile; fileRef = 25D96E2E21C0BF7B005D852E /* DeleteUserLocalManager.swift */; };
		25D96E3121C0E4B8005D852E /* DeletePostAction.swift in Sources */ = {isa = PBXBuildFile; fileRef = 25D96E3021C0E4B8005D852E /* DeletePostAction.swift */; };
		25D96E3321C0E5AC005D852E /* DeletePostManager.swift in Sources */ = {isa = PBXBuildFile; fileRef = 25D96E3221C0E5AC005D852E /* DeletePostManager.swift */; };
		25D96E3521C0ECF4005D852E /* ShowAlertAction.swift in Sources */ = {isa = PBXBuildFile; fileRef = 25D96E3421C0ECF4005D852E /* ShowAlertAction.swift */; };
		25D96E3721C0F600005D852E /* ShowLoaderAction.swift in Sources */ = {isa = PBXBuildFile; fileRef = 25D96E3621C0F600005D852E /* ShowLoaderAction.swift */; };
		5DBE566D373C68660AD85F1F /* Pods_LiteTwitterTests.framework in Frameworks */ = {isa = PBXBuildFile; fileRef = B143E7DBDE01AED57921EE1E /* Pods_LiteTwitterTests.framework */; };
		7CF1D1C2AB9A3BBD4A215C84 /* Pods_LiteTwitter.framework in Frameworks */ = {isa = PBXBuildFile; fileRef = 620DEA289BA280A61A1D4191 /* Pods_LiteTwitter.framework */; };
		84B8D4E98319364E9148A03C /* Pods_LiteTwitterUITests.framework in Frameworks */ = {isa = PBXBuildFile; fileRef = B495465A74768CF947BD38ED /* Pods_LiteTwitterUITests.framework */; };
		D13DE82B21BB660000946ECA /* AppDelegate.swift in Sources */ = {isa = PBXBuildFile; fileRef = D13DE82A21BB660000946ECA /* AppDelegate.swift */; };
		D13DE82D21BB660000946ECA /* LoginViewController.swift in Sources */ = {isa = PBXBuildFile; fileRef = D13DE82C21BB660000946ECA /* LoginViewController.swift */; };
		D13DE83221BB660200946ECA /* Assets.xcassets in Resources */ = {isa = PBXBuildFile; fileRef = D13DE83121BB660200946ECA /* Assets.xcassets */; };
		D13DE83521BB660200946ECA /* LaunchScreen.storyboard in Resources */ = {isa = PBXBuildFile; fileRef = D13DE83321BB660200946ECA /* LaunchScreen.storyboard */; };
		D13DE84021BB660300946ECA /* LiteTwitterTests.swift in Sources */ = {isa = PBXBuildFile; fileRef = D13DE83F21BB660300946ECA /* LiteTwitterTests.swift */; };
		D13DE84B21BB660300946ECA /* LiteTwitterUITests.swift in Sources */ = {isa = PBXBuildFile; fileRef = D13DE84A21BB660300946ECA /* LiteTwitterUITests.swift */; };
		D13DE85E21BB6D0600946ECA /* BaseController.swift in Sources */ = {isa = PBXBuildFile; fileRef = D13DE85C21BB6D0600946ECA /* BaseController.swift */; };
		D13DE85F21BB6D0600946ECA /* BaseController.swift in Sources */ = {isa = PBXBuildFile; fileRef = D13DE85C21BB6D0600946ECA /* BaseController.swift */; };
		D13DE86021BB6D0600946ECA /* BaseController.swift in Sources */ = {isa = PBXBuildFile; fileRef = D13DE85C21BB6D0600946ECA /* BaseController.swift */; };
		D13DE86121BB6D0600946ECA /* BaseView.swift in Sources */ = {isa = PBXBuildFile; fileRef = D13DE85D21BB6D0600946ECA /* BaseView.swift */; };
		D13DE86221BB6D0600946ECA /* BaseView.swift in Sources */ = {isa = PBXBuildFile; fileRef = D13DE85D21BB6D0600946ECA /* BaseView.swift */; };
		D13DE86321BB6D0600946ECA /* BaseView.swift in Sources */ = {isa = PBXBuildFile; fileRef = D13DE85D21BB6D0600946ECA /* BaseView.swift */; };
		D13DE86621BB6DAA00946ECA /* LoginView.swift in Sources */ = {isa = PBXBuildFile; fileRef = D13DE86521BB6DAA00946ECA /* LoginView.swift */; };
		D13DE86721BB6DAA00946ECA /* LoginView.swift in Sources */ = {isa = PBXBuildFile; fileRef = D13DE86521BB6DAA00946ECA /* LoginView.swift */; };
		D13DE86821BB6DAA00946ECA /* LoginView.swift in Sources */ = {isa = PBXBuildFile; fileRef = D13DE86521BB6DAA00946ECA /* LoginView.swift */; };
		D13DE86A21BB6F9300946ECA /* Result.swift in Sources */ = {isa = PBXBuildFile; fileRef = D13DE86921BB6F9300946ECA /* Result.swift */; };
		D13DE86B21BB6F9300946ECA /* Result.swift in Sources */ = {isa = PBXBuildFile; fileRef = D13DE86921BB6F9300946ECA /* Result.swift */; };
		D13DE86C21BB6F9300946ECA /* Result.swift in Sources */ = {isa = PBXBuildFile; fileRef = D13DE86921BB6F9300946ECA /* Result.swift */; };
		D13DE86F21BB6FB800946ECA /* LoginAction.swift in Sources */ = {isa = PBXBuildFile; fileRef = D13DE86E21BB6FB800946ECA /* LoginAction.swift */; };
		D13DE87321BB6FD100946ECA /* SignUpAction.swift in Sources */ = {isa = PBXBuildFile; fileRef = D13DE87221BB6FD100946ECA /* SignUpAction.swift */; };
		D13DE87821BB7B4000946ECA /* Networking.swift in Sources */ = {isa = PBXBuildFile; fileRef = D13DE87721BB7B4000946ECA /* Networking.swift */; };
		D13DE87921BB7B4000946ECA /* Networking.swift in Sources */ = {isa = PBXBuildFile; fileRef = D13DE87721BB7B4000946ECA /* Networking.swift */; };
		D13DE87A21BB7B4000946ECA /* Networking.swift in Sources */ = {isa = PBXBuildFile; fileRef = D13DE87721BB7B4000946ECA /* Networking.swift */; };
		D13DE87C21BB7B9800946ECA /* ApolloNetworking.swift in Sources */ = {isa = PBXBuildFile; fileRef = D13DE87B21BB7B9800946ECA /* ApolloNetworking.swift */; };
		D1E67E6B21BBDF6700EC6B1C /* SignUpManager.swift in Sources */ = {isa = PBXBuildFile; fileRef = D1E67E6A21BBDF6700EC6B1C /* SignUpManager.swift */; };
		D1E67E6D21BBDF9300EC6B1C /* CustomError.swift in Sources */ = {isa = PBXBuildFile; fileRef = D1E67E6C21BBDF9300EC6B1C /* CustomError.swift */; };
		D1E67E7021BBF9C000EC6B1C /* SaveUserLocalManager.swift in Sources */ = {isa = PBXBuildFile; fileRef = D1E67E6F21BBF9C000EC6B1C /* SaveUserLocalManager.swift */; };
		D1E67E7221BBFE8100EC6B1C /* GetUserLocalManager.swift in Sources */ = {isa = PBXBuildFile; fileRef = D1E67E7121BBFE8100EC6B1C /* GetUserLocalManager.swift */; };
		D1E67E7521BC008200EC6B1C /* TimeLineViewController.swift in Sources */ = {isa = PBXBuildFile; fileRef = D1E67E7421BC008200EC6B1C /* TimeLineViewController.swift */; };
		D1E67E7721BC00A000EC6B1C /* TimeLineView.swift in Sources */ = {isa = PBXBuildFile; fileRef = D1E67E7621BC00A000EC6B1C /* TimeLineView.swift */; };
		D1E67E7921BCE10600EC6B1C /* LoginManager.swift in Sources */ = {isa = PBXBuildFile; fileRef = D1E67E7821BCE10600EC6B1C /* LoginManager.swift */; };
/* End PBXBuildFile section */

/* Begin PBXContainerItemProxy section */
		D13DE83C21BB660300946ECA /* PBXContainerItemProxy */ = {
			isa = PBXContainerItemProxy;
			containerPortal = D13DE81F21BB660000946ECA /* Project object */;
			proxyType = 1;
			remoteGlobalIDString = D13DE82621BB660000946ECA;
			remoteInfo = LiteTwitter;
		};
		D13DE84721BB660300946ECA /* PBXContainerItemProxy */ = {
			isa = PBXContainerItemProxy;
			containerPortal = D13DE81F21BB660000946ECA /* Project object */;
			proxyType = 1;
			remoteGlobalIDString = D13DE82621BB660000946ECA;
			remoteInfo = LiteTwitter;
		};
/* End PBXContainerItemProxy section */

/* Begin PBXFileReference section */
		258BE8FF21BE351100B87E29 /* Router.swift */ = {isa = PBXFileReference; lastKnownFileType = sourcecode.swift; path = Router.swift; sourceTree = "<group>"; };
		258BE90221BE354400B87E29 /* TimeLineCreator.swift */ = {isa = PBXFileReference; lastKnownFileType = sourcecode.swift; path = TimeLineCreator.swift; sourceTree = "<group>"; };
		258BE90421BE356700B87E29 /* LoginCreator.swift */ = {isa = PBXFileReference; lastKnownFileType = sourcecode.swift; path = LoginCreator.swift; sourceTree = "<group>"; };
		258BE90721BE49CD00B87E29 /* TableViewDataSource.swift */ = {isa = PBXFileReference; lastKnownFileType = sourcecode.swift; path = TableViewDataSource.swift; sourceTree = "<group>"; };
		258BE90921BE4AA400B87E29 /* GetPostsManager.swift */ = {isa = PBXFileReference; lastKnownFileType = sourcecode.swift; path = GetPostsManager.swift; sourceTree = "<group>"; };
		25B9E54521BE517400D9AA81 /* GetPostsAction.swift */ = {isa = PBXFileReference; fileEncoding = 4; lastKnownFileType = sourcecode.swift; path = GetPostsAction.swift; sourceTree = "<group>"; };
		25B9E54721BE58A300D9AA81 /* GetCurrentUserAction.swift */ = {isa = PBXFileReference; lastKnownFileType = sourcecode.swift; path = GetCurrentUserAction.swift; sourceTree = "<group>"; };
		25B9E54921BE5E4200D9AA81 /* PostDetailsCreator.swift */ = {isa = PBXFileReference; lastKnownFileType = sourcecode.swift; path = PostDetailsCreator.swift; sourceTree = "<group>"; };
		25B9E54C21BE5EAD00D9AA81 /* PostDetailsViewController.swift */ = {isa = PBXFileReference; lastKnownFileType = sourcecode.swift; path = PostDetailsViewController.swift; sourceTree = "<group>"; };
		25B9E54E21BE6A9700D9AA81 /* PostDetailsView.swift */ = {isa = PBXFileReference; lastKnownFileType = sourcecode.swift; path = PostDetailsView.swift; sourceTree = "<group>"; };
		25B9E55021BE734F00D9AA81 /* UpdatePostAction.swift */ = {isa = PBXFileReference; lastKnownFileType = sourcecode.swift; path = UpdatePostAction.swift; sourceTree = "<group>"; };
		25B9E55221BE736900D9AA81 /* CreatePostAction.swift */ = {isa = PBXFileReference; lastKnownFileType = sourcecode.swift; path = CreatePostAction.swift; sourceTree = "<group>"; };
		25B9E55521BE7D0100D9AA81 /* User.swift */ = {isa = PBXFileReference; lastKnownFileType = sourcecode.swift; path = User.swift; sourceTree = "<group>"; };
		25B9E55B21BE82DA00D9AA81 /* PostTableViewCell.swift */ = {isa = PBXFileReference; lastKnownFileType = sourcecode.swift; path = PostTableViewCell.swift; sourceTree = "<group>"; };
		25D96E2221BF6CAC005D852E /* API.swift */ = {isa = PBXFileReference; fileEncoding = 4; lastKnownFileType = sourcecode.swift; path = API.swift; sourceTree = "<group>"; };
		25D96E2821BFBC6A005D852E /* UpdatePostManager.swift */ = {isa = PBXFileReference; lastKnownFileType = sourcecode.swift; path = UpdatePostManager.swift; sourceTree = "<group>"; };
		25D96E2A21BFC13C005D852E /* CreatePostManager.swift */ = {isa = PBXFileReference; lastKnownFileType = sourcecode.swift; path = CreatePostManager.swift; sourceTree = "<group>"; };
		25D96E2C21C0BE22005D852E /* LogoutAction.swift */ = {isa = PBXFileReference; lastKnownFileType = sourcecode.swift; path = LogoutAction.swift; sourceTree = "<group>"; };
		25D96E2E21C0BF7B005D852E /* DeleteUserLocalManager.swift */ = {isa = PBXFileReference; lastKnownFileType = sourcecode.swift; path = DeleteUserLocalManager.swift; sourceTree = "<group>"; };
		25D96E3021C0E4B8005D852E /* DeletePostAction.swift */ = {isa = PBXFileReference; lastKnownFileType = sourcecode.swift; path = DeletePostAction.swift; sourceTree = "<group>"; };
		25D96E3221C0E5AC005D852E /* DeletePostManager.swift */ = {isa = PBXFileReference; lastKnownFileType = sourcecode.swift; path = DeletePostManager.swift; sourceTree = "<group>"; };
		25D96E3421C0ECF4005D852E /* ShowAlertAction.swift */ = {isa = PBXFileReference; lastKnownFileType = sourcecode.swift; path = ShowAlertAction.swift; sourceTree = "<group>"; };
		25D96E3621C0F600005D852E /* ShowLoaderAction.swift */ = {isa = PBXFileReference; lastKnownFileType = sourcecode.swift; path = ShowLoaderAction.swift; sourceTree = "<group>"; };
		374583A0BA1598BB151BB9F0 /* Pods-LiteTwitter.release.xcconfig */ = {isa = PBXFileReference; includeInIndex = 1; lastKnownFileType = text.xcconfig; name = "Pods-LiteTwitter.release.xcconfig"; path = "Pods/Target Support Files/Pods-LiteTwitter/Pods-LiteTwitter.release.xcconfig"; sourceTree = "<group>"; };
		5772445FC1B637C41FF1F5EF /* Pods-LiteTwitterUITests.debug.xcconfig */ = {isa = PBXFileReference; includeInIndex = 1; lastKnownFileType = text.xcconfig; name = "Pods-LiteTwitterUITests.debug.xcconfig"; path = "Pods/Target Support Files/Pods-LiteTwitterUITests/Pods-LiteTwitterUITests.debug.xcconfig"; sourceTree = "<group>"; };
		620DEA289BA280A61A1D4191 /* Pods_LiteTwitter.framework */ = {isa = PBXFileReference; explicitFileType = wrapper.framework; includeInIndex = 0; path = Pods_LiteTwitter.framework; sourceTree = BUILT_PRODUCTS_DIR; };
		94BC18DEB0D40C53BC42B8EE /* Pods-LiteTwitterTests.release.xcconfig */ = {isa = PBXFileReference; includeInIndex = 1; lastKnownFileType = text.xcconfig; name = "Pods-LiteTwitterTests.release.xcconfig"; path = "Pods/Target Support Files/Pods-LiteTwitterTests/Pods-LiteTwitterTests.release.xcconfig"; sourceTree = "<group>"; };
		A96CE61BEA69BD8E9CAE8886 /* Pods-LiteTwitterTests.debug.xcconfig */ = {isa = PBXFileReference; includeInIndex = 1; lastKnownFileType = text.xcconfig; name = "Pods-LiteTwitterTests.debug.xcconfig"; path = "Pods/Target Support Files/Pods-LiteTwitterTests/Pods-LiteTwitterTests.debug.xcconfig"; sourceTree = "<group>"; };
		B143E7DBDE01AED57921EE1E /* Pods_LiteTwitterTests.framework */ = {isa = PBXFileReference; explicitFileType = wrapper.framework; includeInIndex = 0; path = Pods_LiteTwitterTests.framework; sourceTree = BUILT_PRODUCTS_DIR; };
		B495465A74768CF947BD38ED /* Pods_LiteTwitterUITests.framework */ = {isa = PBXFileReference; explicitFileType = wrapper.framework; includeInIndex = 0; path = Pods_LiteTwitterUITests.framework; sourceTree = BUILT_PRODUCTS_DIR; };
		C95304305799307195F2F9D6 /* Pods-LiteTwitterUITests.release.xcconfig */ = {isa = PBXFileReference; includeInIndex = 1; lastKnownFileType = text.xcconfig; name = "Pods-LiteTwitterUITests.release.xcconfig"; path = "Pods/Target Support Files/Pods-LiteTwitterUITests/Pods-LiteTwitterUITests.release.xcconfig"; sourceTree = "<group>"; };
		D13DE82721BB660000946ECA /* LiteTwitter.app */ = {isa = PBXFileReference; explicitFileType = wrapper.application; includeInIndex = 0; path = LiteTwitter.app; sourceTree = BUILT_PRODUCTS_DIR; };
		D13DE82A21BB660000946ECA /* AppDelegate.swift */ = {isa = PBXFileReference; lastKnownFileType = sourcecode.swift; path = AppDelegate.swift; sourceTree = "<group>"; };
		D13DE82C21BB660000946ECA /* LoginViewController.swift */ = {isa = PBXFileReference; lastKnownFileType = sourcecode.swift; path = LoginViewController.swift; sourceTree = "<group>"; };
		D13DE83121BB660200946ECA /* Assets.xcassets */ = {isa = PBXFileReference; lastKnownFileType = folder.assetcatalog; path = Assets.xcassets; sourceTree = "<group>"; };
		D13DE83421BB660200946ECA /* Base */ = {isa = PBXFileReference; lastKnownFileType = file.storyboard; name = Base; path = Base.lproj/LaunchScreen.storyboard; sourceTree = "<group>"; };
		D13DE83621BB660200946ECA /* Info.plist */ = {isa = PBXFileReference; lastKnownFileType = text.plist.xml; path = Info.plist; sourceTree = "<group>"; };
		D13DE83B21BB660300946ECA /* LiteTwitterTests.xctest */ = {isa = PBXFileReference; explicitFileType = wrapper.cfbundle; includeInIndex = 0; path = LiteTwitterTests.xctest; sourceTree = BUILT_PRODUCTS_DIR; };
		D13DE83F21BB660300946ECA /* LiteTwitterTests.swift */ = {isa = PBXFileReference; lastKnownFileType = sourcecode.swift; path = LiteTwitterTests.swift; sourceTree = "<group>"; };
		D13DE84121BB660300946ECA /* Info.plist */ = {isa = PBXFileReference; lastKnownFileType = text.plist.xml; path = Info.plist; sourceTree = "<group>"; };
		D13DE84621BB660300946ECA /* LiteTwitterUITests.xctest */ = {isa = PBXFileReference; explicitFileType = wrapper.cfbundle; includeInIndex = 0; path = LiteTwitterUITests.xctest; sourceTree = BUILT_PRODUCTS_DIR; };
		D13DE84A21BB660300946ECA /* LiteTwitterUITests.swift */ = {isa = PBXFileReference; lastKnownFileType = sourcecode.swift; path = LiteTwitterUITests.swift; sourceTree = "<group>"; };
		D13DE84C21BB660300946ECA /* Info.plist */ = {isa = PBXFileReference; lastKnownFileType = text.plist.xml; path = Info.plist; sourceTree = "<group>"; };
		D13DE85C21BB6D0600946ECA /* BaseController.swift */ = {isa = PBXFileReference; fileEncoding = 4; lastKnownFileType = sourcecode.swift; path = BaseController.swift; sourceTree = "<group>"; };
		D13DE85D21BB6D0600946ECA /* BaseView.swift */ = {isa = PBXFileReference; fileEncoding = 4; lastKnownFileType = sourcecode.swift; path = BaseView.swift; sourceTree = "<group>"; };
		D13DE86521BB6DAA00946ECA /* LoginView.swift */ = {isa = PBXFileReference; fileEncoding = 4; lastKnownFileType = sourcecode.swift; path = LoginView.swift; sourceTree = "<group>"; };
		D13DE86921BB6F9300946ECA /* Result.swift */ = {isa = PBXFileReference; lastKnownFileType = sourcecode.swift; path = Result.swift; sourceTree = "<group>"; };
		D13DE86E21BB6FB800946ECA /* LoginAction.swift */ = {isa = PBXFileReference; lastKnownFileType = sourcecode.swift; path = LoginAction.swift; sourceTree = "<group>"; };
		D13DE87221BB6FD100946ECA /* SignUpAction.swift */ = {isa = PBXFileReference; lastKnownFileType = sourcecode.swift; path = SignUpAction.swift; sourceTree = "<group>"; };
		D13DE87721BB7B4000946ECA /* Networking.swift */ = {isa = PBXFileReference; lastKnownFileType = sourcecode.swift; path = Networking.swift; sourceTree = "<group>"; };
		D13DE87B21BB7B9800946ECA /* ApolloNetworking.swift */ = {isa = PBXFileReference; lastKnownFileType = sourcecode.swift; path = ApolloNetworking.swift; sourceTree = "<group>"; };
		D1E67E6A21BBDF6700EC6B1C /* SignUpManager.swift */ = {isa = PBXFileReference; lastKnownFileType = sourcecode.swift; path = SignUpManager.swift; sourceTree = "<group>"; };
		D1E67E6C21BBDF9300EC6B1C /* CustomError.swift */ = {isa = PBXFileReference; lastKnownFileType = sourcecode.swift; path = CustomError.swift; sourceTree = "<group>"; };
		D1E67E6F21BBF9C000EC6B1C /* SaveUserLocalManager.swift */ = {isa = PBXFileReference; lastKnownFileType = sourcecode.swift; path = SaveUserLocalManager.swift; sourceTree = "<group>"; };
		D1E67E7121BBFE8100EC6B1C /* GetUserLocalManager.swift */ = {isa = PBXFileReference; lastKnownFileType = sourcecode.swift; path = GetUserLocalManager.swift; sourceTree = "<group>"; };
		D1E67E7421BC008200EC6B1C /* TimeLineViewController.swift */ = {isa = PBXFileReference; lastKnownFileType = sourcecode.swift; path = TimeLineViewController.swift; sourceTree = "<group>"; };
		D1E67E7621BC00A000EC6B1C /* TimeLineView.swift */ = {isa = PBXFileReference; lastKnownFileType = sourcecode.swift; path = TimeLineView.swift; sourceTree = "<group>"; };
		D1E67E7821BCE10600EC6B1C /* LoginManager.swift */ = {isa = PBXFileReference; lastKnownFileType = sourcecode.swift; path = LoginManager.swift; sourceTree = "<group>"; };
		D6777C7BD22DF0DE54E20790 /* Pods-LiteTwitter.debug.xcconfig */ = {isa = PBXFileReference; includeInIndex = 1; lastKnownFileType = text.xcconfig; name = "Pods-LiteTwitter.debug.xcconfig"; path = "Pods/Target Support Files/Pods-LiteTwitter/Pods-LiteTwitter.debug.xcconfig"; sourceTree = "<group>"; };
/* End PBXFileReference section */

/* Begin PBXFrameworksBuildPhase section */
		D13DE82421BB660000946ECA /* Frameworks */ = {
			isa = PBXFrameworksBuildPhase;
			buildActionMask = 2147483647;
			files = (
				7CF1D1C2AB9A3BBD4A215C84 /* Pods_LiteTwitter.framework in Frameworks */,
			);
			runOnlyForDeploymentPostprocessing = 0;
		};
		D13DE83821BB660300946ECA /* Frameworks */ = {
			isa = PBXFrameworksBuildPhase;
			buildActionMask = 2147483647;
			files = (
				5DBE566D373C68660AD85F1F /* Pods_LiteTwitterTests.framework in Frameworks */,
			);
			runOnlyForDeploymentPostprocessing = 0;
		};
		D13DE84321BB660300946ECA /* Frameworks */ = {
			isa = PBXFrameworksBuildPhase;
			buildActionMask = 2147483647;
			files = (
				84B8D4E98319364E9148A03C /* Pods_LiteTwitterUITests.framework in Frameworks */,
			);
			runOnlyForDeploymentPostprocessing = 0;
		};
/* End PBXFrameworksBuildPhase section */

/* Begin PBXGroup section */
		258BE8FE21BE34F300B87E29 /* Router */ = {
			isa = PBXGroup;
			children = (
				258BE8FF21BE351100B87E29 /* Router.swift */,
			);
			path = Router;
			sourceTree = "<group>";
		};
		258BE90121BE352B00B87E29 /* Creators */ = {
			isa = PBXGroup;
			children = (
				258BE90221BE354400B87E29 /* TimeLineCreator.swift */,
				258BE90421BE356700B87E29 /* LoginCreator.swift */,
				25B9E54921BE5E4200D9AA81 /* PostDetailsCreator.swift */,
			);
			path = Creators;
			sourceTree = "<group>";
		};
		258BE90621BE49B200B87E29 /* TableViewDataSource */ = {
			isa = PBXGroup;
			children = (
				258BE90721BE49CD00B87E29 /* TableViewDataSource.swift */,
			);
			path = TableViewDataSource;
			sourceTree = "<group>";
		};
		25B9E54B21BE5E9D00D9AA81 /* PostDetails */ = {
			isa = PBXGroup;
			children = (
				25B9E54C21BE5EAD00D9AA81 /* PostDetailsViewController.swift */,
				25B9E54E21BE6A9700D9AA81 /* PostDetailsView.swift */,
			);
			path = PostDetails;
			sourceTree = "<group>";
		};
		25B9E55421BE7CC300D9AA81 /* Models */ = {
			isa = PBXGroup;
			children = (
				25B9E55521BE7D0100D9AA81 /* User.swift */,
			);
			path = Models;
			sourceTree = "<group>";
		};
		4DF8885F02F5F3D7A65CE6CE /* Pods */ = {
			isa = PBXGroup;
			children = (
				D6777C7BD22DF0DE54E20790 /* Pods-LiteTwitter.debug.xcconfig */,
				374583A0BA1598BB151BB9F0 /* Pods-LiteTwitter.release.xcconfig */,
				A96CE61BEA69BD8E9CAE8886 /* Pods-LiteTwitterTests.debug.xcconfig */,
				94BC18DEB0D40C53BC42B8EE /* Pods-LiteTwitterTests.release.xcconfig */,
				5772445FC1B637C41FF1F5EF /* Pods-LiteTwitterUITests.debug.xcconfig */,
				C95304305799307195F2F9D6 /* Pods-LiteTwitterUITests.release.xcconfig */,
			);
			name = Pods;
			sourceTree = "<group>";
		};
		8E2B59FCC238B0C5E15DD0B7 /* Frameworks */ = {
			isa = PBXGroup;
			children = (
				620DEA289BA280A61A1D4191 /* Pods_LiteTwitter.framework */,
				B143E7DBDE01AED57921EE1E /* Pods_LiteTwitterTests.framework */,
				B495465A74768CF947BD38ED /* Pods_LiteTwitterUITests.framework */,
			);
			name = Frameworks;
			sourceTree = "<group>";
		};
		D13DE81E21BB660000946ECA = {
			isa = PBXGroup;
			children = (
				D13DE82921BB660000946ECA /* LiteTwitter */,
				D13DE83E21BB660300946ECA /* LiteTwitterTests */,
				D13DE84921BB660300946ECA /* LiteTwitterUITests */,
				D13DE82821BB660000946ECA /* Products */,
				4DF8885F02F5F3D7A65CE6CE /* Pods */,
				8E2B59FCC238B0C5E15DD0B7 /* Frameworks */,
			);
			sourceTree = "<group>";
		};
		D13DE82821BB660000946ECA /* Products */ = {
			isa = PBXGroup;
			children = (
				D13DE82721BB660000946ECA /* LiteTwitter.app */,
				D13DE83B21BB660300946ECA /* LiteTwitterTests.xctest */,
				D13DE84621BB660300946ECA /* LiteTwitterUITests.xctest */,
			);
			name = Products;
			sourceTree = "<group>";
		};
		D13DE82921BB660000946ECA /* LiteTwitter */ = {
			isa = PBXGroup;
			children = (
				25B9E55421BE7CC300D9AA81 /* Models */,
				258BE90621BE49B200B87E29 /* TableViewDataSource */,
				258BE90121BE352B00B87E29 /* Creators */,
				258BE8FE21BE34F300B87E29 /* Router */,
				D1E67E6E21BBF99700EC6B1C /* LocalDataManager */,
				D1E67E6921BBDF5500EC6B1C /* DataManager */,
				D1AC660C21BBCA8400A74380 /* GraphQL */,
				D13DE87621BB7B2D00946ECA /* Networking */,
				D13DE86D21BB6FAC00946ECA /* Actions */,
				D13DE85B21BB6D0600946ECA /* Base */,
				D13DE85A21BB663B00946ECA /* Resource */,
				D13DE85921BB663000946ECA /* Application */,
				D13DE85821BB661100946ECA /* Modules */,
			);
			path = LiteTwitter;
			sourceTree = "<group>";
		};
		D13DE83E21BB660300946ECA /* LiteTwitterTests */ = {
			isa = PBXGroup;
			children = (
				D13DE83F21BB660300946ECA /* LiteTwitterTests.swift */,
				D13DE84121BB660300946ECA /* Info.plist */,
			);
			path = LiteTwitterTests;
			sourceTree = "<group>";
		};
		D13DE84921BB660300946ECA /* LiteTwitterUITests */ = {
			isa = PBXGroup;
			children = (
				D13DE84A21BB660300946ECA /* LiteTwitterUITests.swift */,
				D13DE84C21BB660300946ECA /* Info.plist */,
			);
			path = LiteTwitterUITests;
			sourceTree = "<group>";
		};
		D13DE85821BB661100946ECA /* Modules */ = {
			isa = PBXGroup;
			children = (
				25B9E54B21BE5E9D00D9AA81 /* PostDetails */,
				D1E67E7321BC005D00EC6B1C /* TimeLine */,
				D13DE86421BB6D2A00946ECA /* Login */,
			);
			path = Modules;
			sourceTree = "<group>";
		};
		D13DE85921BB663000946ECA /* Application */ = {
			isa = PBXGroup;
			children = (
				D13DE83621BB660200946ECA /* Info.plist */,
				D13DE82A21BB660000946ECA /* AppDelegate.swift */,
			);
			path = Application;
			sourceTree = "<group>";
		};
		D13DE85A21BB663B00946ECA /* Resource */ = {
			isa = PBXGroup;
			children = (
				D13DE83121BB660200946ECA /* Assets.xcassets */,
				D13DE83321BB660200946ECA /* LaunchScreen.storyboard */,
			);
			path = Resource;
			sourceTree = "<group>";
		};
		D13DE85B21BB6D0600946ECA /* Base */ = {
			isa = PBXGroup;
			children = (
				D13DE85C21BB6D0600946ECA /* BaseController.swift */,
				D13DE85D21BB6D0600946ECA /* BaseView.swift */,
				D13DE86921BB6F9300946ECA /* Result.swift */,
				D1E67E6C21BBDF9300EC6B1C /* CustomError.swift */,
			);
			path = Base;
			sourceTree = "<group>";
		};
		D13DE86421BB6D2A00946ECA /* Login */ = {
			isa = PBXGroup;
			children = (
				D13DE82C21BB660000946ECA /* LoginViewController.swift */,
				D13DE86521BB6DAA00946ECA /* LoginView.swift */,
			);
			path = Login;
			sourceTree = "<group>";
		};
		D13DE86D21BB6FAC00946ECA /* Actions */ = {
			isa = PBXGroup;
			children = (
				25B9E54521BE517400D9AA81 /* GetPostsAction.swift */,
				D13DE86E21BB6FB800946ECA /* LoginAction.swift */,
				D13DE87221BB6FD100946ECA /* SignUpAction.swift */,
				25B9E54721BE58A300D9AA81 /* GetCurrentUserAction.swift */,
				25B9E55021BE734F00D9AA81 /* UpdatePostAction.swift */,
				25B9E55221BE736900D9AA81 /* CreatePostAction.swift */,
				25D96E2C21C0BE22005D852E /* LogoutAction.swift */,
				25D96E3021C0E4B8005D852E /* DeletePostAction.swift */,
				25D96E3421C0ECF4005D852E /* ShowAlertAction.swift */,
				25D96E3621C0F600005D852E /* ShowLoaderAction.swift */,
			);
			path = Actions;
			sourceTree = "<group>";
		};
		D13DE87621BB7B2D00946ECA /* Networking */ = {
			isa = PBXGroup;
			children = (
				D13DE87721BB7B4000946ECA /* Networking.swift */,
				D13DE87B21BB7B9800946ECA /* ApolloNetworking.swift */,
			);
			path = Networking;
			sourceTree = "<group>";
		};
		D1AC660C21BBCA8400A74380 /* GraphQL */ = {
			isa = PBXGroup;
			children = (
				25D96E2221BF6CAC005D852E /* API.swift */,
			);
			path = GraphQL;
			sourceTree = "<group>";
		};
		D1E67E6921BBDF5500EC6B1C /* DataManager */ = {
			isa = PBXGroup;
			children = (
				D1E67E6A21BBDF6700EC6B1C /* SignUpManager.swift */,
				D1E67E7821BCE10600EC6B1C /* LoginManager.swift */,
				258BE90921BE4AA400B87E29 /* GetPostsManager.swift */,
				25D96E2821BFBC6A005D852E /* UpdatePostManager.swift */,
				25D96E2A21BFC13C005D852E /* CreatePostManager.swift */,
				25D96E3221C0E5AC005D852E /* DeletePostManager.swift */,
			);
			path = DataManager;
			sourceTree = "<group>";
		};
		D1E67E6E21BBF99700EC6B1C /* LocalDataManager */ = {
			isa = PBXGroup;
			children = (
				D1E67E6F21BBF9C000EC6B1C /* SaveUserLocalManager.swift */,
				D1E67E7121BBFE8100EC6B1C /* GetUserLocalManager.swift */,
				25D96E2E21C0BF7B005D852E /* DeleteUserLocalManager.swift */,
			);
			path = LocalDataManager;
			sourceTree = "<group>";
		};
		D1E67E7321BC005D00EC6B1C /* TimeLine */ = {
			isa = PBXGroup;
			children = (
				D1E67E7421BC008200EC6B1C /* TimeLineViewController.swift */,
				D1E67E7621BC00A000EC6B1C /* TimeLineView.swift */,
				25B9E55B21BE82DA00D9AA81 /* PostTableViewCell.swift */,
			);
			path = TimeLine;
			sourceTree = "<group>";
		};
/* End PBXGroup section */

/* Begin PBXNativeTarget section */
		D13DE82621BB660000946ECA /* LiteTwitter */ = {
			isa = PBXNativeTarget;
			buildConfigurationList = D13DE84F21BB660300946ECA /* Build configuration list for PBXNativeTarget "LiteTwitter" */;
			buildPhases = (
				A23657BCD19604AD3A5D9E16 /* [CP] Check Pods Manifest.lock */,
				D13DE82321BB660000946ECA /* Sources */,
				D13DE82421BB660000946ECA /* Frameworks */,
				D13DE82521BB660000946ECA /* Resources */,
				1E952F36453381C92A845BCD /* [CP] Embed Pods Frameworks */,
			);
			buildRules = (
			);
			dependencies = (
			);
			name = LiteTwitter;
			productName = LiteTwitter;
			productReference = D13DE82721BB660000946ECA /* LiteTwitter.app */;
			productType = "com.apple.product-type.application";
		};
		D13DE83A21BB660300946ECA /* LiteTwitterTests */ = {
			isa = PBXNativeTarget;
			buildConfigurationList = D13DE85221BB660300946ECA /* Build configuration list for PBXNativeTarget "LiteTwitterTests" */;
			buildPhases = (
				B7FC8EC70B41B99FA5A9E7C8 /* [CP] Check Pods Manifest.lock */,
				D13DE83721BB660300946ECA /* Sources */,
				D13DE83821BB660300946ECA /* Frameworks */,
				D13DE83921BB660300946ECA /* Resources */,
			);
			buildRules = (
			);
			dependencies = (
				D13DE83D21BB660300946ECA /* PBXTargetDependency */,
			);
			name = LiteTwitterTests;
			productName = LiteTwitterTests;
			productReference = D13DE83B21BB660300946ECA /* LiteTwitterTests.xctest */;
			productType = "com.apple.product-type.bundle.unit-test";
		};
		D13DE84521BB660300946ECA /* LiteTwitterUITests */ = {
			isa = PBXNativeTarget;
			buildConfigurationList = D13DE85521BB660300946ECA /* Build configuration list for PBXNativeTarget "LiteTwitterUITests" */;
			buildPhases = (
				EA0A9D0CA988ED13F2A62687 /* [CP] Check Pods Manifest.lock */,
				D13DE84221BB660300946ECA /* Sources */,
				D13DE84321BB660300946ECA /* Frameworks */,
				D13DE84421BB660300946ECA /* Resources */,
			);
			buildRules = (
			);
			dependencies = (
				D13DE84821BB660300946ECA /* PBXTargetDependency */,
			);
			name = LiteTwitterUITests;
			productName = LiteTwitterUITests;
			productReference = D13DE84621BB660300946ECA /* LiteTwitterUITests.xctest */;
			productType = "com.apple.product-type.bundle.ui-testing";
		};
/* End PBXNativeTarget section */

/* Begin PBXProject section */
		D13DE81F21BB660000946ECA /* Project object */ = {
			isa = PBXProject;
			attributes = {
				LastSwiftUpdateCheck = 1000;
				LastUpgradeCheck = 1000;
				ORGANIZATIONNAME = "Dinh Thanh An";
				TargetAttributes = {
					D13DE82621BB660000946ECA = {
						CreatedOnToolsVersion = 10.0;
					};
					D13DE83A21BB660300946ECA = {
						CreatedOnToolsVersion = 10.0;
						TestTargetID = D13DE82621BB660000946ECA;
					};
					D13DE84521BB660300946ECA = {
						CreatedOnToolsVersion = 10.0;
						TestTargetID = D13DE82621BB660000946ECA;
					};
				};
			};
			buildConfigurationList = D13DE82221BB660000946ECA /* Build configuration list for PBXProject "LiteTwitter" */;
			compatibilityVersion = "Xcode 9.3";
			developmentRegion = en;
			hasScannedForEncodings = 0;
			knownRegions = (
				en,
				Base,
			);
			mainGroup = D13DE81E21BB660000946ECA;
			productRefGroup = D13DE82821BB660000946ECA /* Products */;
			projectDirPath = "";
			projectRoot = "";
			targets = (
				D13DE82621BB660000946ECA /* LiteTwitter */,
				D13DE83A21BB660300946ECA /* LiteTwitterTests */,
				D13DE84521BB660300946ECA /* LiteTwitterUITests */,
			);
		};
/* End PBXProject section */

/* Begin PBXResourcesBuildPhase section */
		D13DE82521BB660000946ECA /* Resources */ = {
			isa = PBXResourcesBuildPhase;
			buildActionMask = 2147483647;
			files = (
				D13DE83521BB660200946ECA /* LaunchScreen.storyboard in Resources */,
				D13DE83221BB660200946ECA /* Assets.xcassets in Resources */,
			);
			runOnlyForDeploymentPostprocessing = 0;
		};
		D13DE83921BB660300946ECA /* Resources */ = {
			isa = PBXResourcesBuildPhase;
			buildActionMask = 2147483647;
			files = (
			);
			runOnlyForDeploymentPostprocessing = 0;
		};
		D13DE84421BB660300946ECA /* Resources */ = {
			isa = PBXResourcesBuildPhase;
			buildActionMask = 2147483647;
			files = (
			);
			runOnlyForDeploymentPostprocessing = 0;
		};
/* End PBXResourcesBuildPhase section */

/* Begin PBXShellScriptBuildPhase section */
		1E952F36453381C92A845BCD /* [CP] Embed Pods Frameworks */ = {
			isa = PBXShellScriptBuildPhase;
			buildActionMask = 2147483647;
			files = (
			);
			inputPaths = (
				"${SRCROOT}/Pods/Target Support Files/Pods-LiteTwitter/Pods-LiteTwitter-frameworks.sh",
				"${BUILT_PRODUCTS_DIR}/AloeStackView/AloeStackView.framework",
				"${BUILT_PRODUCTS_DIR}/Apollo/Apollo.framework",
				"${BUILT_PRODUCTS_DIR}/IQKeyboardManager/IQKeyboardManager.framework",
				"${BUILT_PRODUCTS_DIR}/MBProgressHUD/MBProgressHUD.framework",
			);
			name = "[CP] Embed Pods Frameworks";
			outputPaths = (
				"${TARGET_BUILD_DIR}/${FRAMEWORKS_FOLDER_PATH}/AloeStackView.framework",
				"${TARGET_BUILD_DIR}/${FRAMEWORKS_FOLDER_PATH}/Apollo.framework",
				"${TARGET_BUILD_DIR}/${FRAMEWORKS_FOLDER_PATH}/IQKeyboardManager.framework",
				"${TARGET_BUILD_DIR}/${FRAMEWORKS_FOLDER_PATH}/MBProgressHUD.framework",
			);
			runOnlyForDeploymentPostprocessing = 0;
			shellPath = /bin/sh;
			shellScript = "\"${SRCROOT}/Pods/Target Support Files/Pods-LiteTwitter/Pods-LiteTwitter-frameworks.sh\"\n";
			showEnvVarsInLog = 0;
		};
		A23657BCD19604AD3A5D9E16 /* [CP] Check Pods Manifest.lock */ = {
			isa = PBXShellScriptBuildPhase;
			buildActionMask = 2147483647;
			files = (
			);
			inputPaths = (
				"${PODS_PODFILE_DIR_PATH}/Podfile.lock",
				"${PODS_ROOT}/Manifest.lock",
			);
			name = "[CP] Check Pods Manifest.lock";
			outputPaths = (
				"$(DERIVED_FILE_DIR)/Pods-LiteTwitter-checkManifestLockResult.txt",
			);
			runOnlyForDeploymentPostprocessing = 0;
			shellPath = /bin/sh;
			shellScript = "diff \"${PODS_PODFILE_DIR_PATH}/Podfile.lock\" \"${PODS_ROOT}/Manifest.lock\" > /dev/null\nif [ $? != 0 ] ; then\n    # print error to STDERR\n    echo \"error: The sandbox is not in sync with the Podfile.lock. Run 'pod install' or update your CocoaPods installation.\" >&2\n    exit 1\nfi\n# This output is used by Xcode 'outputs' to avoid re-running this script phase.\necho \"SUCCESS\" > \"${SCRIPT_OUTPUT_FILE_0}\"\n";
			showEnvVarsInLog = 0;
		};
		B7FC8EC70B41B99FA5A9E7C8 /* [CP] Check Pods Manifest.lock */ = {
			isa = PBXShellScriptBuildPhase;
			buildActionMask = 2147483647;
			files = (
			);
			inputPaths = (
				"${PODS_PODFILE_DIR_PATH}/Podfile.lock",
				"${PODS_ROOT}/Manifest.lock",
			);
			name = "[CP] Check Pods Manifest.lock";
			outputPaths = (
				"$(DERIVED_FILE_DIR)/Pods-LiteTwitterTests-checkManifestLockResult.txt",
			);
			runOnlyForDeploymentPostprocessing = 0;
			shellPath = /bin/sh;
			shellScript = "diff \"${PODS_PODFILE_DIR_PATH}/Podfile.lock\" \"${PODS_ROOT}/Manifest.lock\" > /dev/null\nif [ $? != 0 ] ; then\n    # print error to STDERR\n    echo \"error: The sandbox is not in sync with the Podfile.lock. Run 'pod install' or update your CocoaPods installation.\" >&2\n    exit 1\nfi\n# This output is used by Xcode 'outputs' to avoid re-running this script phase.\necho \"SUCCESS\" > \"${SCRIPT_OUTPUT_FILE_0}\"\n";
			showEnvVarsInLog = 0;
		};
		EA0A9D0CA988ED13F2A62687 /* [CP] Check Pods Manifest.lock */ = {
			isa = PBXShellScriptBuildPhase;
			buildActionMask = 2147483647;
			files = (
			);
			inputPaths = (
				"${PODS_PODFILE_DIR_PATH}/Podfile.lock",
				"${PODS_ROOT}/Manifest.lock",
			);
			name = "[CP] Check Pods Manifest.lock";
			outputPaths = (
				"$(DERIVED_FILE_DIR)/Pods-LiteTwitterUITests-checkManifestLockResult.txt",
			);
			runOnlyForDeploymentPostprocessing = 0;
			shellPath = /bin/sh;
			shellScript = "diff \"${PODS_PODFILE_DIR_PATH}/Podfile.lock\" \"${PODS_ROOT}/Manifest.lock\" > /dev/null\nif [ $? != 0 ] ; then\n    # print error to STDERR\n    echo \"error: The sandbox is not in sync with the Podfile.lock. Run 'pod install' or update your CocoaPods installation.\" >&2\n    exit 1\nfi\n# This output is used by Xcode 'outputs' to avoid re-running this script phase.\necho \"SUCCESS\" > \"${SCRIPT_OUTPUT_FILE_0}\"\n";
			showEnvVarsInLog = 0;
		};
/* End PBXShellScriptBuildPhase section */

/* Begin PBXSourcesBuildPhase section */
		D13DE82321BB660000946ECA /* Sources */ = {
			isa = PBXSourcesBuildPhase;
			buildActionMask = 2147483647;
			files = (
				25D96E3321C0E5AC005D852E /* DeletePostManager.swift in Sources */,
				25B9E55121BE734F00D9AA81 /* UpdatePostAction.swift in Sources */,
				D13DE86A21BB6F9300946ECA /* Result.swift in Sources */,
				D13DE87321BB6FD100946ECA /* SignUpAction.swift in Sources */,
				25D96E3121C0E4B8005D852E /* DeletePostAction.swift in Sources */,
				25D96E2F21C0BF7B005D852E /* DeleteUserLocalManager.swift in Sources */,
				D1E67E7021BBF9C000EC6B1C /* SaveUserLocalManager.swift in Sources */,
				25B9E55621BE7D0100D9AA81 /* User.swift in Sources */,
				25B9E54A21BE5E4200D9AA81 /* PostDetailsCreator.swift in Sources */,
				258BE90A21BE4AA400B87E29 /* GetPostsManager.swift in Sources */,
				25B9E54821BE58A300D9AA81 /* GetCurrentUserAction.swift in Sources */,
				258BE90321BE354400B87E29 /* TimeLineCreator.swift in Sources */,
				D1E67E6D21BBDF9300EC6B1C /* CustomError.swift in Sources */,
				D1E67E7221BBFE8100EC6B1C /* GetUserLocalManager.swift in Sources */,
				25D96E2D21C0BE22005D852E /* LogoutAction.swift in Sources */,
				D1E67E7921BCE10600EC6B1C /* LoginManager.swift in Sources */,
				258BE90021BE351100B87E29 /* Router.swift in Sources */,
				D13DE87C21BB7B9800946ECA /* ApolloNetworking.swift in Sources */,
				D1E67E6B21BBDF6700EC6B1C /* SignUpManager.swift in Sources */,
				258BE90521BE356700B87E29 /* LoginCreator.swift in Sources */,
				25D96E3521C0ECF4005D852E /* ShowAlertAction.swift in Sources */,
				D13DE82D21BB660000946ECA /* LoginViewController.swift in Sources */,
				25D96E2B21BFC13C005D852E /* CreatePostManager.swift in Sources */,
				25B9E54F21BE6A9700D9AA81 /* PostDetailsView.swift in Sources */,
				258BE90821BE49CD00B87E29 /* TableViewDataSource.swift in Sources */,
				D1E67E7721BC00A000EC6B1C /* TimeLineView.swift in Sources */,
				D13DE87821BB7B4000946ECA /* Networking.swift in Sources */,
				D13DE85E21BB6D0600946ECA /* BaseController.swift in Sources */,
				D13DE82B21BB660000946ECA /* AppDelegate.swift in Sources */,
				D13DE86621BB6DAA00946ECA /* LoginView.swift in Sources */,
				25B9E54D21BE5EAD00D9AA81 /* PostDetailsViewController.swift in Sources */,
				25D96E3721C0F600005D852E /* ShowLoaderAction.swift in Sources */,
				D13DE86121BB6D0600946ECA /* BaseView.swift in Sources */,
				D1E67E7521BC008200EC6B1C /* TimeLineViewController.swift in Sources */,
				25B9E55C21BE82DA00D9AA81 /* PostTableViewCell.swift in Sources */,
				25B9E54621BE517400D9AA81 /* GetPostsAction.swift in Sources */,
				D13DE86F21BB6FB800946ECA /* LoginAction.swift in Sources */,
				25D96E2921BFBC6B005D852E /* UpdatePostManager.swift in Sources */,
				25D96E2321BF6CAC005D852E /* API.swift in Sources */,
				25B9E55321BE736900D9AA81 /* CreatePostAction.swift in Sources */,
			);
			runOnlyForDeploymentPostprocessing = 0;
		};
		D13DE83721BB660300946ECA /* Sources */ = {
			isa = PBXSourcesBuildPhase;
			buildActionMask = 2147483647;
			files = (
				D13DE86221BB6D0600946ECA /* BaseView.swift in Sources */,
				D13DE86B21BB6F9300946ECA /* Result.swift in Sources */,
				D13DE87921BB7B4000946ECA /* Networking.swift in Sources */,
				D13DE85F21BB6D0600946ECA /* BaseController.swift in Sources */,
				D13DE86721BB6DAA00946ECA /* LoginView.swift in Sources */,
				D13DE84021BB660300946ECA /* LiteTwitterTests.swift in Sources */,
			);
			runOnlyForDeploymentPostprocessing = 0;
		};
		D13DE84221BB660300946ECA /* Sources */ = {
			isa = PBXSourcesBuildPhase;
			buildActionMask = 2147483647;
			files = (
				D13DE86321BB6D0600946ECA /* BaseView.swift in Sources */,
				D13DE86C21BB6F9300946ECA /* Result.swift in Sources */,
				D13DE87A21BB7B4000946ECA /* Networking.swift in Sources */,
				D13DE86021BB6D0600946ECA /* BaseController.swift in Sources */,
				D13DE86821BB6DAA00946ECA /* LoginView.swift in Sources */,
				D13DE84B21BB660300946ECA /* LiteTwitterUITests.swift in Sources */,
			);
			runOnlyForDeploymentPostprocessing = 0;
		};
/* End PBXSourcesBuildPhase section */

/* Begin PBXTargetDependency section */
		D13DE83D21BB660300946ECA /* PBXTargetDependency */ = {
			isa = PBXTargetDependency;
			target = D13DE82621BB660000946ECA /* LiteTwitter */;
			targetProxy = D13DE83C21BB660300946ECA /* PBXContainerItemProxy */;
		};
		D13DE84821BB660300946ECA /* PBXTargetDependency */ = {
			isa = PBXTargetDependency;
			target = D13DE82621BB660000946ECA /* LiteTwitter */;
			targetProxy = D13DE84721BB660300946ECA /* PBXContainerItemProxy */;
		};
/* End PBXTargetDependency section */

/* Begin PBXVariantGroup section */
		D13DE83321BB660200946ECA /* LaunchScreen.storyboard */ = {
			isa = PBXVariantGroup;
			children = (
				D13DE83421BB660200946ECA /* Base */,
			);
			name = LaunchScreen.storyboard;
			sourceTree = "<group>";
		};
/* End PBXVariantGroup section */

/* Begin XCBuildConfiguration section */
		D13DE84D21BB660300946ECA /* Debug */ = {
			isa = XCBuildConfiguration;
			buildSettings = {
				ALWAYS_SEARCH_USER_PATHS = NO;
				CLANG_ANALYZER_NONNULL = YES;
				CLANG_ANALYZER_NUMBER_OBJECT_CONVERSION = YES_AGGRESSIVE;
				CLANG_CXX_LANGUAGE_STANDARD = "gnu++14";
				CLANG_CXX_LIBRARY = "libc++";
				CLANG_ENABLE_MODULES = YES;
				CLANG_ENABLE_OBJC_ARC = YES;
				CLANG_ENABLE_OBJC_WEAK = YES;
				CLANG_WARN_BLOCK_CAPTURE_AUTORELEASING = YES;
				CLANG_WARN_BOOL_CONVERSION = YES;
				CLANG_WARN_COMMA = YES;
				CLANG_WARN_CONSTANT_CONVERSION = YES;
				CLANG_WARN_DEPRECATED_OBJC_IMPLEMENTATIONS = YES;
				CLANG_WARN_DIRECT_OBJC_ISA_USAGE = YES_ERROR;
				CLANG_WARN_DOCUMENTATION_COMMENTS = YES;
				CLANG_WARN_EMPTY_BODY = YES;
				CLANG_WARN_ENUM_CONVERSION = YES;
				CLANG_WARN_INFINITE_RECURSION = YES;
				CLANG_WARN_INT_CONVERSION = YES;
				CLANG_WARN_NON_LITERAL_NULL_CONVERSION = YES;
				CLANG_WARN_OBJC_IMPLICIT_RETAIN_SELF = YES;
				CLANG_WARN_OBJC_LITERAL_CONVERSION = YES;
				CLANG_WARN_OBJC_ROOT_CLASS = YES_ERROR;
				CLANG_WARN_RANGE_LOOP_ANALYSIS = YES;
				CLANG_WARN_STRICT_PROTOTYPES = YES;
				CLANG_WARN_SUSPICIOUS_MOVE = YES;
				CLANG_WARN_UNGUARDED_AVAILABILITY = YES_AGGRESSIVE;
				CLANG_WARN_UNREACHABLE_CODE = YES;
				CLANG_WARN__DUPLICATE_METHOD_MATCH = YES;
				CODE_SIGN_IDENTITY = "iPhone Developer";
				COPY_PHASE_STRIP = NO;
				DEBUG_INFORMATION_FORMAT = dwarf;
				ENABLE_STRICT_OBJC_MSGSEND = YES;
				ENABLE_TESTABILITY = YES;
				GCC_C_LANGUAGE_STANDARD = gnu11;
				GCC_DYNAMIC_NO_PIC = NO;
				GCC_NO_COMMON_BLOCKS = YES;
				GCC_OPTIMIZATION_LEVEL = 0;
				GCC_PREPROCESSOR_DEFINITIONS = (
					"DEBUG=1",
					"$(inherited)",
				);
				GCC_WARN_64_TO_32_BIT_CONVERSION = YES;
				GCC_WARN_ABOUT_RETURN_TYPE = YES_ERROR;
				GCC_WARN_UNDECLARED_SELECTOR = YES;
				GCC_WARN_UNINITIALIZED_AUTOS = YES_AGGRESSIVE;
				GCC_WARN_UNUSED_FUNCTION = YES;
				GCC_WARN_UNUSED_VARIABLE = YES;
				IPHONEOS_DEPLOYMENT_TARGET = 12.0;
				MTL_ENABLE_DEBUG_INFO = INCLUDE_SOURCE;
				MTL_FAST_MATH = YES;
				ONLY_ACTIVE_ARCH = YES;
				SDKROOT = iphoneos;
				SWIFT_ACTIVE_COMPILATION_CONDITIONS = DEBUG;
				SWIFT_OPTIMIZATION_LEVEL = "-Onone";
			};
			name = Debug;
		};
		D13DE84E21BB660300946ECA /* Release */ = {
			isa = XCBuildConfiguration;
			buildSettings = {
				ALWAYS_SEARCH_USER_PATHS = NO;
				CLANG_ANALYZER_NONNULL = YES;
				CLANG_ANALYZER_NUMBER_OBJECT_CONVERSION = YES_AGGRESSIVE;
				CLANG_CXX_LANGUAGE_STANDARD = "gnu++14";
				CLANG_CXX_LIBRARY = "libc++";
				CLANG_ENABLE_MODULES = YES;
				CLANG_ENABLE_OBJC_ARC = YES;
				CLANG_ENABLE_OBJC_WEAK = YES;
				CLANG_WARN_BLOCK_CAPTURE_AUTORELEASING = YES;
				CLANG_WARN_BOOL_CONVERSION = YES;
				CLANG_WARN_COMMA = YES;
				CLANG_WARN_CONSTANT_CONVERSION = YES;
				CLANG_WARN_DEPRECATED_OBJC_IMPLEMENTATIONS = YES;
				CLANG_WARN_DIRECT_OBJC_ISA_USAGE = YES_ERROR;
				CLANG_WARN_DOCUMENTATION_COMMENTS = YES;
				CLANG_WARN_EMPTY_BODY = YES;
				CLANG_WARN_ENUM_CONVERSION = YES;
				CLANG_WARN_INFINITE_RECURSION = YES;
				CLANG_WARN_INT_CONVERSION = YES;
				CLANG_WARN_NON_LITERAL_NULL_CONVERSION = YES;
				CLANG_WARN_OBJC_IMPLICIT_RETAIN_SELF = YES;
				CLANG_WARN_OBJC_LITERAL_CONVERSION = YES;
				CLANG_WARN_OBJC_ROOT_CLASS = YES_ERROR;
				CLANG_WARN_RANGE_LOOP_ANALYSIS = YES;
				CLANG_WARN_STRICT_PROTOTYPES = YES;
				CLANG_WARN_SUSPICIOUS_MOVE = YES;
				CLANG_WARN_UNGUARDED_AVAILABILITY = YES_AGGRESSIVE;
				CLANG_WARN_UNREACHABLE_CODE = YES;
				CLANG_WARN__DUPLICATE_METHOD_MATCH = YES;
				CODE_SIGN_IDENTITY = "iPhone Developer";
				COPY_PHASE_STRIP = NO;
				DEBUG_INFORMATION_FORMAT = "dwarf-with-dsym";
				ENABLE_NS_ASSERTIONS = NO;
				ENABLE_STRICT_OBJC_MSGSEND = YES;
				GCC_C_LANGUAGE_STANDARD = gnu11;
				GCC_NO_COMMON_BLOCKS = YES;
				GCC_WARN_64_TO_32_BIT_CONVERSION = YES;
				GCC_WARN_ABOUT_RETURN_TYPE = YES_ERROR;
				GCC_WARN_UNDECLARED_SELECTOR = YES;
				GCC_WARN_UNINITIALIZED_AUTOS = YES_AGGRESSIVE;
				GCC_WARN_UNUSED_FUNCTION = YES;
				GCC_WARN_UNUSED_VARIABLE = YES;
				IPHONEOS_DEPLOYMENT_TARGET = 12.0;
				MTL_ENABLE_DEBUG_INFO = NO;
				MTL_FAST_MATH = YES;
				SDKROOT = iphoneos;
				SWIFT_COMPILATION_MODE = wholemodule;
				SWIFT_OPTIMIZATION_LEVEL = "-O";
				VALIDATE_PRODUCT = YES;
			};
			name = Release;
		};
		D13DE85021BB660300946ECA /* Debug */ = {
			isa = XCBuildConfiguration;
			baseConfigurationReference = D6777C7BD22DF0DE54E20790 /* Pods-LiteTwitter.debug.xcconfig */;
			buildSettings = {
				ASSETCATALOG_COMPILER_APPICON_NAME = AppIcon;
				CODE_SIGN_STYLE = Automatic;
				INFOPLIST_FILE = LiteTwitter/Application/Info.plist;
				LD_RUNPATH_SEARCH_PATHS = (
					"$(inherited)",
					"@executable_path/Frameworks",
				);
				PRODUCT_BUNDLE_IDENTIFIER = an.LiteTwitter;
				PRODUCT_NAME = "$(TARGET_NAME)";
				SWIFT_VERSION = 4.2;
				TARGETED_DEVICE_FAMILY = "1,2";
			};
			name = Debug;
		};
		D13DE85121BB660300946ECA /* Release */ = {
			isa = XCBuildConfiguration;
			baseConfigurationReference = 374583A0BA1598BB151BB9F0 /* Pods-LiteTwitter.release.xcconfig */;
			buildSettings = {
				ASSETCATALOG_COMPILER_APPICON_NAME = AppIcon;
				CODE_SIGN_STYLE = Automatic;
				INFOPLIST_FILE = LiteTwitter/Application/Info.plist;
				LD_RUNPATH_SEARCH_PATHS = (
					"$(inherited)",
					"@executable_path/Frameworks",
				);
				PRODUCT_BUNDLE_IDENTIFIER = an.LiteTwitter;
				PRODUCT_NAME = "$(TARGET_NAME)";
				SWIFT_VERSION = 4.2;
				TARGETED_DEVICE_FAMILY = "1,2";
			};
			name = Release;
		};
		D13DE85321BB660300946ECA /* Debug */ = {
			isa = XCBuildConfiguration;
			baseConfigurationReference = A96CE61BEA69BD8E9CAE8886 /* Pods-LiteTwitterTests.debug.xcconfig */;
			buildSettings = {
				ALWAYS_EMBED_SWIFT_STANDARD_LIBRARIES = YES;
				BUNDLE_LOADER = "$(TEST_HOST)";
				CODE_SIGN_STYLE = Automatic;
				INFOPLIST_FILE = LiteTwitterTests/Info.plist;
				LD_RUNPATH_SEARCH_PATHS = (
					"$(inherited)",
					"@executable_path/Frameworks",
					"@loader_path/Frameworks",
				);
				PRODUCT_BUNDLE_IDENTIFIER = an.LiteTwitterTests;
				PRODUCT_NAME = "$(TARGET_NAME)";
				SWIFT_VERSION = 4.2;
				TARGETED_DEVICE_FAMILY = "1,2";
				TEST_HOST = "$(BUILT_PRODUCTS_DIR)/LiteTwitter.app/LiteTwitter";
			};
			name = Debug;
		};
		D13DE85421BB660300946ECA /* Release */ = {
			isa = XCBuildConfiguration;
			baseConfigurationReference = 94BC18DEB0D40C53BC42B8EE /* Pods-LiteTwitterTests.release.xcconfig */;
			buildSettings = {
				ALWAYS_EMBED_SWIFT_STANDARD_LIBRARIES = YES;
				BUNDLE_LOADER = "$(TEST_HOST)";
				CODE_SIGN_STYLE = Automatic;
				INFOPLIST_FILE = LiteTwitterTests/Info.plist;
				LD_RUNPATH_SEARCH_PATHS = (
					"$(inherited)",
					"@executable_path/Frameworks",
					"@loader_path/Frameworks",
				);
				PRODUCT_BUNDLE_IDENTIFIER = an.LiteTwitterTests;
				PRODUCT_NAME = "$(TARGET_NAME)";
				SWIFT_VERSION = 4.2;
				TARGETED_DEVICE_FAMILY = "1,2";
				TEST_HOST = "$(BUILT_PRODUCTS_DIR)/LiteTwitter.app/LiteTwitter";
			};
			name = Release;
		};
		D13DE85621BB660300946ECA /* Debug */ = {
			isa = XCBuildConfiguration;
			baseConfigurationReference = 5772445FC1B637C41FF1F5EF /* Pods-LiteTwitterUITests.debug.xcconfig */;
			buildSettings = {
				ALWAYS_EMBED_SWIFT_STANDARD_LIBRARIES = YES;
				CODE_SIGN_STYLE = Automatic;
				INFOPLIST_FILE = LiteTwitterUITests/Info.plist;
				LD_RUNPATH_SEARCH_PATHS = (
					"$(inherited)",
					"@executable_path/Frameworks",
					"@loader_path/Frameworks",
				);
				PRODUCT_BUNDLE_IDENTIFIER = an.LiteTwitterUITests;
				PRODUCT_NAME = "$(TARGET_NAME)";
				SWIFT_VERSION = 4.2;
				TARGETED_DEVICE_FAMILY = "1,2";
				TEST_TARGET_NAME = LiteTwitter;
			};
			name = Debug;
		};
		D13DE85721BB660300946ECA /* Release */ = {
			isa = XCBuildConfiguration;
			baseConfigurationReference = C95304305799307195F2F9D6 /* Pods-LiteTwitterUITests.release.xcconfig */;
			buildSettings = {
				ALWAYS_EMBED_SWIFT_STANDARD_LIBRARIES = YES;
				CODE_SIGN_STYLE = Automatic;
				INFOPLIST_FILE = LiteTwitterUITests/Info.plist;
				LD_RUNPATH_SEARCH_PATHS = (
					"$(inherited)",
					"@executable_path/Frameworks",
					"@loader_path/Frameworks",
				);
				PRODUCT_BUNDLE_IDENTIFIER = an.LiteTwitterUITests;
				PRODUCT_NAME = "$(TARGET_NAME)";
				SWIFT_VERSION = 4.2;
				TARGETED_DEVICE_FAMILY = "1,2";
				TEST_TARGET_NAME = LiteTwitter;
			};
			name = Release;
		};
/* End XCBuildConfiguration section */

/* Begin XCConfigurationList section */
		D13DE82221BB660000946ECA /* Build configuration list for PBXProject "LiteTwitter" */ = {
			isa = XCConfigurationList;
			buildConfigurations = (
				D13DE84D21BB660300946ECA /* Debug */,
				D13DE84E21BB660300946ECA /* Release */,
			);
			defaultConfigurationIsVisible = 0;
			defaultConfigurationName = Release;
		};
		D13DE84F21BB660300946ECA /* Build configuration list for PBXNativeTarget "LiteTwitter" */ = {
			isa = XCConfigurationList;
			buildConfigurations = (
				D13DE85021BB660300946ECA /* Debug */,
				D13DE85121BB660300946ECA /* Release */,
			);
			defaultConfigurationIsVisible = 0;
			defaultConfigurationName = Release;
		};
		D13DE85221BB660300946ECA /* Build configuration list for PBXNativeTarget "LiteTwitterTests" */ = {
			isa = XCConfigurationList;
			buildConfigurations = (
				D13DE85321BB660300946ECA /* Debug */,
				D13DE85421BB660300946ECA /* Release */,
			);
			defaultConfigurationIsVisible = 0;
			defaultConfigurationName = Release;
		};
		D13DE85521BB660300946ECA /* Build configuration list for PBXNativeTarget "LiteTwitterUITests" */ = {
			isa = XCConfigurationList;
			buildConfigurations = (
				D13DE85621BB660300946ECA /* Debug */,
				D13DE85721BB660300946ECA /* Release */,
			);
			defaultConfigurationIsVisible = 0;
			defaultConfigurationName = Release;
		};
/* End XCConfigurationList section */
	};
	rootObject = D13DE81F21BB660000946ECA /* Project object */;
}
